
Microsoft Visual Studio Solution File, Format Version 12.00
# Visual Studio Version 17
VisualStudioVersion = 17.14.36705.20 d17.14
MinimumVisualStudioVersion = 10.0.40219.1
Project("{E24C65DC-7377-472B-9ABA-BC803B73C61A}") = "Testing", "http://localhost:65138", "{C3B927DB-6804-BA41-FF5F-185D20C50257}"
	ProjectSection(WebsiteProperties) = preProject
		UseIISExpress = "true"
		TargetFrameworkMoniker = ".NETFramework,Version%3Dv4.8"
		Debug.AspNetCompiler.VirtualPath = "/localhost_65138"
		Debug.AspNetCompiler.PhysicalPath = "..\Testing\"
		Debug.AspNetCompiler.TargetPath = "PrecompiledWeb\localhost_65138\"
		Debug.AspNetCompiler.Updateable = "true"
		Debug.AspNetCompiler.ForceOverwrite = "true"
		Debug.AspNetCompiler.FixedNames = "false"
		Debug.AspNetCompiler.Debug = "True"
		Release.AspNetCompiler.VirtualPath = "/localhost_65138"
		Release.AspNetCompiler.PhysicalPath = "..\Testing\"
		Release.AspNetCompiler.TargetPath = "PrecompiledWeb\localhost_65138\"
		Release.AspNetCompiler.Updateable = "true"
		Release.AspNetCompiler.ForceOverwrite = "true"
		Release.AspNetCompiler.FixedNames = "false"
		Release.AspNetCompiler.Debug = "False"
		SlnRelativePath = "..\Testing\"
	EndProjectSection
EndProject
Global
	GlobalSection(SolutionConfigurationPlatforms) = preSolution
		Debug|Any CPU = Debug|Any CPU
	EndGlobalSection
	GlobalSection(ProjectConfigurationPlatforms) = postSolution
		{C3B927DB-6804-BA41-FF5F-185D20C50257}.Debug|Any CPU.ActiveCfg = Debug|Any CPU
		{C3B927DB-6804-BA41-FF5F-185D20C50257}.Debug|Any CPU.Build.0 = Debug|Any CPU
	EndGlobalSection
	GlobalSection(SolutionProperties) = preSolution
		HideSolutionNode = FALSE
	EndGlobalSection
	GlobalSection(ExtensibilityGlobals) = postSolution
		SolutionGuid = {D838D87A-D636-4A7F-8FDF-8FF60D1C0CC3}
	EndGlobalSection
EndGlobal
